
Microsoft Visual Studio Solution File, Format Version 12.00
# Visual Studio 15
VisualStudioVersion = 15.0.27004.2009
MinimumVisualStudioVersion = 10.0.40219.1
Project("{8BC9CEB8-8B4A-11D0-8D11-00A0C91BC942}") = "mat", "mat\mat.vcxproj", "{9B206FA1-FB5C-4AE9-BFFD-616EAC1AB5B8}"
EndProject
Global
	GlobalSection(SolutionConfigurationPlatforms) = preSolution
		Debug|x64 = Debug|x64
		Debug|x86 = Debug|x86
		Release|x64 = Release|x64
		Release|x86 = Release|x86
	EndGlobalSection
	GlobalSection(ProjectConfigurationPlatforms) = postSolution
		{9B206FA1-FB5C-4AE9-BFFD-616EAC1AB5B8}.Debug|x64.ActiveCfg = Debug|x64
		{9B206FA1-FB5C-4AE9-BFFD-616EAC1AB5B8}.Debug|x64.Build.0 = Debug|x64
		{9B206FA1-FB5C-4AE9-BFFD-616EAC1AB5B8}.Debug|x86.ActiveCfg = Debug|Win32
		{9B206FA1-FB5C-4AE9-BFFD-616EAC1AB5B8}.Debug|x86.Build.0 = Debug|Win32
		{9B206FA1-FB5C-4AE9-BFFD-616EAC1AB5B8}.Release|x64.ActiveCfg = Release|x64
		{9B206FA1-FB5C-4AE9-BFFD-616EAC1AB5B8}.Release|x64.Build.0 = Release|x64
		{9B206FA1-FB5C-4AE9-BFFD-616EAC1AB5B8}.Release|x86.ActiveCfg = Release|Win32
		{9B206FA1-FB5C-4AE9-BFFD-616EAC1AB5B8}.Release|x86.Build.0 = Release|Win32
	EndGlobalSection
	GlobalSection(SolutionProperties) = preSolution
		HideSolutionNode = FALSE
	EndGlobalSection
	GlobalSection(ExtensibilityGlobals) = postSolution
		SolutionGuid = {7840A15F-6856-45E6-9408-B7C94DBB69E7}
	EndGlobalSection
EndGlobal
